
Microsoft Visual Studio Solution File, Format Version 12.00
# Visual Studio Version 17
VisualStudioVersion = 17.6.33829.357
MinimumVisualStudioVersion = 10.0.40219.1
Project("{FAE04EC0-301F-11D3-BF4B-00C04F79EFBC}") = "ModelDemo", "ModelDemo\ModelDemo.csproj", "{53DCCC2A-2FDB-4520-BF69-994E5374A8A9}"
EndProject
Global
	GlobalSection(SolutionConfigurationPlatforms) = preSolution
		Debug|Any CPU = Debug|Any CPU
		Release|Any CPU = Release|Any CPU
	EndGlobalSection
	GlobalSection(ProjectConfigurationPlatforms) = postSolution
		{53DCCC2A-2FDB-4520-BF69-994E5374A8A9}.Debug|Any CPU.ActiveCfg = Debug|Any CPU
		{53DCCC2A-2FDB-4520-BF69-994E5374A8A9}.Debug|Any CPU.Build.0 = Debug|Any CPU
		{53DCCC2A-2FDB-4520-BF69-994E5374A8A9}.Release|Any CPU.ActiveCfg = Release|Any CPU
		{53DCCC2A-2FDB-4520-BF69-994E5374A8A9}.Release|Any CPU.Build.0 = Release|Any CPU
	EndGlobalSection
	GlobalSection(SolutionProperties) = preSolution
		HideSolutionNode = FALSE
	EndGlobalSection
	GlobalSection(ExtensibilityGlobals) = postSolution
		SolutionGuid = {B6FC0FF2-1F2A-428E-AA7C-795F724C1B89}
	EndGlobalSection
EndGlobal
